// !$*UTF8*$!
{
	archiveVersion = 1;
	classes = {
	};
	objectVersion = 56;
	objects = {

/* Begin PBXBuildFile section */
		D1DF6C1E2AA90A670089FB8A /* iOSChallengeApp.swift in Sources */ = {isa = PBXBuildFile; fileRef = D1DF6C1D2AA90A670089FB8A /* iOSChallengeApp.swift */; };
		D1DF6C202AA90A670089FB8A /* ContentView.swift in Sources */ = {isa = PBXBuildFile; fileRef = D1DF6C1F2AA90A670089FB8A /* ContentView.swift */; };
		D1DF6C222AA90A6B0089FB8A /* Assets.xcassets in Resources */ = {isa = PBXBuildFile; fileRef = D1DF6C212AA90A6B0089FB8A /* Assets.xcassets */; };
		D1DF6C252AA90A6B0089FB8A /* Preview Assets.xcassets in Resources */ = {isa = PBXBuildFile; fileRef = D1DF6C242AA90A6B0089FB8A /* Preview Assets.xcassets */; };
		D1DF6C2F2AA90A6B0089FB8A /* iOSChallengeTests.swift in Sources */ = {isa = PBXBuildFile; fileRef = D1DF6C2E2AA90A6B0089FB8A /* iOSChallengeTests.swift */; };
		D1DF6C392AA90A6B0089FB8A /* iOSChallengeUITests.swift in Sources */ = {isa = PBXBuildFile; fileRef = D1DF6C382AA90A6B0089FB8A /* iOSChallengeUITests.swift */; };
		D1DF6C3B2AA90A6B0089FB8A /* iOSChallengeUITestsLaunchTests.swift in Sources */ = {isa = PBXBuildFile; fileRef = D1DF6C3A2AA90A6B0089FB8A /* iOSChallengeUITestsLaunchTests.swift */; };
/* End PBXBuildFile section */

/* Begin PBXContainerItemProxy section */
		D1DF6C2B2AA90A6B0089FB8A /* PBXContainerItemProxy */ = {
			isa = PBXContainerItemProxy;
			containerPortal = D1DF6C122AA90A660089FB8A /* Project object */;
			proxyType = 1;
			remoteGlobalIDString = D1DF6C192AA90A660089FB8A;
			remoteInfo = iOSChallenge;
		};
		D1DF6C352AA90A6B0089FB8A /* PBXContainerItemProxy */ = {
			isa = PBXContainerItemProxy;
			containerPortal = D1DF6C122AA90A660089FB8A /* Project object */;
			proxyType = 1;
			remoteGlobalIDString = D1DF6C192AA90A660089FB8A;
			remoteInfo = iOSChallenge;
		};
/* End PBXContainerItemProxy section */

/* Begin PBXFileReference section */
		D1DF6C1A2AA90A660089FB8A /* iOSChallenge.app */ = {isa = PBXFileReference; explicitFileType = wrapper.application; includeInIndex = 0; path = iOSChallenge.app; sourceTree = BUILT_PRODUCTS_DIR; };
		D1DF6C1D2AA90A670089FB8A /* iOSChallengeApp.swift */ = {isa = PBXFileReference; lastKnownFileType = sourcecode.swift; path = iOSChallengeApp.swift; sourceTree = "<group>"; };
		D1DF6C1F2AA90A670089FB8A /* ContentView.swift */ = {isa = PBXFileReference; lastKnownFileType = sourcecode.swift; path = ContentView.swift; sourceTree = "<group>"; };
		D1DF6C212AA90A6B0089FB8A /* Assets.xcassets */ = {isa = PBXFileReference; lastKnownFileType = folder.assetcatalog; path = Assets.xcassets; sourceTree = "<group>"; };
		D1DF6C242AA90A6B0089FB8A /* Preview Assets.xcassets */ = {isa = PBXFileReference; lastKnownFileType = folder.assetcatalog; path = "Preview Assets.xcassets"; sourceTree = "<group>"; };
		D1DF6C2A2AA90A6B0089FB8A /* iOSChallengeTests.xctest */ = {isa = PBXFileReference; explicitFileType = wrapper.cfbundle; includeInIndex = 0; path = iOSChallengeTests.xctest; sourceTree = BUILT_PRODUCTS_DIR; };
		D1DF6C2E2AA90A6B0089FB8A /* iOSChallengeTests.swift */ = {isa = PBXFileReference; lastKnownFileType = sourcecode.swift; path = iOSChallengeTests.swift; sourceTree = "<group>"; };
		D1DF6C342AA90A6B0089FB8A /* iOSChallengeUITests.xctest */ = {isa = PBXFileReference; explicitFileType = wrapper.cfbundle; includeInIndex = 0; path = iOSChallengeUITests.xctest; sourceTree = BUILT_PRODUCTS_DIR; };
		D1DF6C382AA90A6B0089FB8A /* iOSChallengeUITests.swift */ = {isa = PBXFileReference; lastKnownFileType = sourcecode.swift; path = iOSChallengeUITests.swift; sourceTree = "<group>"; };
		D1DF6C3A2AA90A6B0089FB8A /* iOSChallengeUITestsLaunchTests.swift */ = {isa = PBXFileReference; lastKnownFileType = sourcecode.swift; path = iOSChallengeUITestsLaunchTests.swift; sourceTree = "<group>"; };
/* End PBXFileReference section */

/* Begin PBXFrameworksBuildPhase section */
		D1DF6C172AA90A660089FB8A /* Frameworks */ = {
			isa = PBXFrameworksBuildPhase;
			buildActionMask = 2147483647;
			files = (
			);
			runOnlyForDeploymentPostprocessing = 0;
		};
		D1DF6C272AA90A6B0089FB8A /* Frameworks */ = {
			isa = PBXFrameworksBuildPhase;
			buildActionMask = 2147483647;
			files = (
			);
			runOnlyForDeploymentPostprocessing = 0;
		};
		D1DF6C312AA90A6B0089FB8A /* Frameworks */ = {
			isa = PBXFrameworksBuildPhase;
			buildActionMask = 2147483647;
			files = (
			);
			runOnlyForDeploymentPostprocessing = 0;
		};
/* End PBXFrameworksBuildPhase section */

/* Begin PBXGroup section */
		D1DF6C112AA90A660089FB8A = {
			isa = PBXGroup;
			children = (
				D1DF6C1C2AA90A660089FB8A /* iOSChallenge */,
				D1DF6C2D2AA90A6B0089FB8A /* iOSChallengeTests */,
				D1DF6C372AA90A6B0089FB8A /* iOSChallengeUITests */,
				D1DF6C1B2AA90A660089FB8A /* Products */,
			);
			sourceTree = "<group>";
		};
		D1DF6C1B2AA90A660089FB8A /* Products */ = {
			isa = PBXGroup;
			children = (
				D1DF6C1A2AA90A660089FB8A /* iOSChallenge.app */,
				D1DF6C2A2AA90A6B0089FB8A /* iOSChallengeTests.xctest */,
				D1DF6C342AA90A6B0089FB8A /* iOSChallengeUITests.xctest */,
			);
			name = Products;
			sourceTree = "<group>";
		};
		D1DF6C1C2AA90A660089FB8A /* iOSChallenge */ = {
			isa = PBXGroup;
			children = (
				D1DF6C1D2AA90A670089FB8A /* iOSChallengeApp.swift */,
				D1DF6C1F2AA90A670089FB8A /* ContentView.swift */,
				D1DF6C212AA90A6B0089FB8A /* Assets.xcassets */,
				D1DF6C232AA90A6B0089FB8A /* Preview Content */,
			);
			path = iOSChallenge;
			sourceTree = "<group>";
		};
		D1DF6C232AA90A6B0089FB8A /* Preview Content */ = {
			isa = PBXGroup;
			children = (
				D1DF6C242AA90A6B0089FB8A /* Preview Assets.xcassets */,
			);
			path = "Preview Content";
			sourceTree = "<group>";
		};
		D1DF6C2D2AA90A6B0089FB8A /* iOSChallengeTests */ = {
			isa = PBXGroup;
			children = (
				D1DF6C2E2AA90A6B0089FB8A /* iOSChallengeTests.swift */,
			);
			path = iOSChallengeTests;
			sourceTree = "<group>";
		};
		D1DF6C372AA90A6B0089FB8A /* iOSChallengeUITests */ = {
			isa = PBXGroup;
			children = (
				D1DF6C382AA90A6B0089FB8A /* iOSChallengeUITests.swift */,
				D1DF6C3A2AA90A6B0089FB8A /* iOSChallengeUITestsLaunchTests.swift */,
			);
			path = iOSChallengeUITests;
			sourceTree = "<group>";
		};
/* End PBXGroup section */

/* Begin PBXNativeTarget section */
		D1DF6C192AA90A660089FB8A /* iOSChallenge */ = {
			isa = PBXNativeTarget;
			buildConfigurationList = D1DF6C3E2AA90A6B0089FB8A /* Build configuration list for PBXNativeTarget "iOSChallenge" */;
			buildPhases = (
				D1DF6C162AA90A660089FB8A /* Sources */,
				D1DF6C172AA90A660089FB8A /* Frameworks */,
				D1DF6C182AA90A660089FB8A /* Resources */,
			);
			buildRules = (
			);
			dependencies = (
			);
			name = iOSChallenge;
			productName = iOSChallenge;
			productReference = D1DF6C1A2AA90A660089FB8A /* iOSChallenge.app */;
			productType = "com.apple.product-type.application";
		};
		D1DF6C292AA90A6B0089FB8A /* iOSChallengeTests */ = {
			isa = PBXNativeTarget;
			buildConfigurationList = D1DF6C412AA90A6B0089FB8A /* Build configuration list for PBXNativeTarget "iOSChallengeTests" */;
			buildPhases = (
				D1DF6C262AA90A6B0089FB8A /* Sources */,
				D1DF6C272AA90A6B0089FB8A /* Frameworks */,
				D1DF6C282AA90A6B0089FB8A /* Resources */,
			);
			buildRules = (
			);
			dependencies = (
				D1DF6C2C2AA90A6B0089FB8A /* PBXTargetDependency */,
			);
			name = iOSChallengeTests;
			productName = iOSChallengeTests;
			productReference = D1DF6C2A2AA90A6B0089FB8A /* iOSChallengeTests.xctest */;
			productType = "com.apple.product-type.bundle.unit-test";
		};
		D1DF6C332AA90A6B0089FB8A /* iOSChallengeUITests */ = {
			isa = PBXNativeTarget;
			buildConfigurationList = D1DF6C442AA90A6B0089FB8A /* Build configuration list for PBXNativeTarget "iOSChallengeUITests" */;
			buildPhases = (
				D1DF6C302AA90A6B0089FB8A /* Sources */,
				D1DF6C312AA90A6B0089FB8A /* Frameworks */,
				D1DF6C322AA90A6B0089FB8A /* Resources */,
			);
			buildRules = (
			);
			dependencies = (
				D1DF6C362AA90A6B0089FB8A /* PBXTargetDependency */,
			);
			name = iOSChallengeUITests;
			productName = iOSChallengeUITests;
			productReference = D1DF6C342AA90A6B0089FB8A /* iOSChallengeUITests.xctest */;
			productType = "com.apple.product-type.bundle.ui-testing";
		};
/* End PBXNativeTarget section */

/* Begin PBXProject section */
		D1DF6C122AA90A660089FB8A /* Project object */ = {
			isa = PBXProject;
			attributes = {
				BuildIndependentTargetsInParallel = 1;
				LastSwiftUpdateCheck = 1420;
				LastUpgradeCheck = 1420;
				TargetAttributes = {
					D1DF6C192AA90A660089FB8A = {
						CreatedOnToolsVersion = 14.2;
					};
					D1DF6C292AA90A6B0089FB8A = {
						CreatedOnToolsVersion = 14.2;
						TestTargetID = D1DF6C192AA90A660089FB8A;
					};
					D1DF6C332AA90A6B0089FB8A = {
						CreatedOnToolsVersion = 14.2;
						TestTargetID = D1DF6C192AA90A660089FB8A;
					};
				};
			};
			buildConfigurationList = D1DF6C152AA90A660089FB8A /* Build configuration list for PBXProject "iOSChallenge" */;
			compatibilityVersion = "Xcode 14.0";
			developmentRegion = en;
			hasScannedForEncodings = 0;
			knownRegions = (
				en,
				Base,
			);
			mainGroup = D1DF6C112AA90A660089FB8A;
			productRefGroup = D1DF6C1B2AA90A660089FB8A /* Products */;
			projectDirPath = "";
			projectRoot = "";
			targets = (
				D1DF6C192AA90A660089FB8A /* iOSChallenge */,
				D1DF6C292AA90A6B0089FB8A /* iOSChallengeTests */,
				D1DF6C332AA90A6B0089FB8A /* iOSChallengeUITests */,
			);
		};
/* End PBXProject section */

/* Begin PBXResourcesBuildPhase section */
		D1DF6C182AA90A660089FB8A /* Resources */ = {
			isa = PBXResourcesBuildPhase;
			buildActionMask = 2147483647;
			files = (
				D1DF6C252AA90A6B0089FB8A /* Preview Assets.xcassets in Resources */,
				D1DF6C222AA90A6B0089FB8A /* Assets.xcassets in Resources */,
			);
			runOnlyForDeploymentPostprocessing = 0;
		};
		D1DF6C282AA90A6B0089FB8A /* Resources */ = {
			isa = PBXResourcesBuildPhase;
			buildActionMask = 2147483647;
			files = (
			);
			runOnlyForDeploymentPostprocessing = 0;
		};
		D1DF6C322AA90A6B0089FB8A /* Resources */ = {
			isa = PBXResourcesBuildPhase;
			buildActionMask = 2147483647;
			files = (
			);
			runOnlyForDeploymentPostprocessing = 0;
		};
/* End PBXResourcesBuildPhase section */

/* Begin PBXSourcesBuildPhase section */
		D1DF6C162AA90A660089FB8A /* Sources */ = {
			isa = PBXSourcesBuildPhase;
			buildActionMask = 2147483647;
			files = (
				D1DF6C202AA90A670089FB8A /* ContentView.swift in Sources */,
				D1DF6C1E2AA90A670089FB8A /* iOSChallengeApp.swift in Sources */,
			);
			runOnlyForDeploymentPostprocessing = 0;
		};
		D1DF6C262AA90A6B0089FB8A /* Sources */ = {
			isa = PBXSourcesBuildPhase;
			buildActionMask = 2147483647;
			files = (
				D1DF6C2F2AA90A6B0089FB8A /* iOSChallengeTests.swift in Sources */,
			);
			runOnlyForDeploymentPostprocessing = 0;
		};
		D1DF6C302AA90A6B0089FB8A /* Sources */ = {
			isa = PBXSourcesBuildPhase;
			buildActionMask = 2147483647;
			files = (
				D1DF6C3B2AA90A6B0089FB8A /* iOSChallengeUITestsLaunchTests.swift in Sources */,
				D1DF6C392AA90A6B0089FB8A /* iOSChallengeUITests.swift in Sources */,
			);
			runOnlyForDeploymentPostprocessing = 0;
		};
/* End PBXSourcesBuildPhase section */

/* Begin PBXTargetDependency section */
		D1DF6C2C2AA90A6B0089FB8A /* PBXTargetDependency */ = {
			isa = PBXTargetDependency;
			target = D1DF6C192AA90A660089FB8A /* iOSChallenge */;
			targetProxy = D1DF6C2B2AA90A6B0089FB8A /* PBXContainerItemProxy */;
		};
		D1DF6C362AA90A6B0089FB8A /* PBXTargetDependency */ = {
			isa = PBXTargetDependency;
			target = D1DF6C192AA90A660089FB8A /* iOSChallenge */;
			targetProxy = D1DF6C352AA90A6B0089FB8A /* PBXContainerItemProxy */;
		};
/* End PBXTargetDependency section */

/* Begin XCBuildConfiguration section */
		D1DF6C3C2AA90A6B0089FB8A /* Debug */ = {
			isa = XCBuildConfiguration;
			buildSettings = {
				ALWAYS_SEARCH_USER_PATHS = NO;
				CLANG_ANALYZER_NONNULL = YES;
				CLANG_ANALYZER_NUMBER_OBJECT_CONVERSION = YES_AGGRESSIVE;
				CLANG_CXX_LANGUAGE_STANDARD = "gnu++20";
				CLANG_ENABLE_MODULES = YES;
				CLANG_ENABLE_OBJC_ARC = YES;
				CLANG_ENABLE_OBJC_WEAK = YES;
				CLANG_WARN_BLOCK_CAPTURE_AUTORELEASING = YES;
				CLANG_WARN_BOOL_CONVERSION = YES;
				CLANG_WARN_COMMA = YES;
				CLANG_WARN_CONSTANT_CONVERSION = YES;
				CLANG_WARN_DEPRECATED_OBJC_IMPLEMENTATIONS = YES;
				CLANG_WARN_DIRECT_OBJC_ISA_USAGE = YES_ERROR;
				CLANG_WARN_DOCUMENTATION_COMMENTS = YES;
				CLANG_WARN_EMPTY_BODY = YES;
				CLANG_WARN_ENUM_CONVERSION = YES;
				CLANG_WARN_INFINITE_RECURSION = YES;
				CLANG_WARN_INT_CONVERSION = YES;
				CLANG_WARN_NON_LITERAL_NULL_CONVERSION = YES;
				CLANG_WARN_OBJC_IMPLICIT_RETAIN_SELF = YES;
				CLANG_WARN_OBJC_LITERAL_CONVERSION = YES;
				CLANG_WARN_OBJC_ROOT_CLASS = YES_ERROR;
				CLANG_WARN_QUOTED_INCLUDE_IN_FRAMEWORK_HEADER = YES;
				CLANG_WARN_RANGE_LOOP_ANALYSIS = YES;
				CLANG_WARN_STRICT_PROTOTYPES = YES;
				CLANG_WARN_SUSPICIOUS_MOVE = YES;
				CLANG_WARN_UNGUARDED_AVAILABILITY = YES_AGGRESSIVE;
				CLANG_WARN_UNREACHABLE_CODE = YES;
				CLANG_WARN__DUPLICATE_METHOD_MATCH = YES;
				COPY_PHASE_STRIP = NO;
				DEBUG_INFORMATION_FORMAT = dwarf;
				ENABLE_STRICT_OBJC_MSGSEND = YES;
				ENABLE_TESTABILITY = YES;
				GCC_C_LANGUAGE_STANDARD = gnu11;
				GCC_DYNAMIC_NO_PIC = NO;
				GCC_NO_COMMON_BLOCKS = YES;
				GCC_OPTIMIZATION_LEVEL = 0;
				GCC_PREPROCESSOR_DEFINITIONS = (
					"DEBUG=1",
					"$(inherited)",
				);
				GCC_WARN_64_TO_32_BIT_CONVERSION = YES;
				GCC_WARN_ABOUT_RETURN_TYPE = YES_ERROR;
				GCC_WARN_UNDECLARED_SELECTOR = YES;
				GCC_WARN_UNINITIALIZED_AUTOS = YES_AGGRESSIVE;
				GCC_WARN_UNUSED_FUNCTION = YES;
				GCC_WARN_UNUSED_VARIABLE = YES;
				IPHONEOS_DEPLOYMENT_TARGET = 16.2;
				MTL_ENABLE_DEBUG_INFO = INCLUDE_SOURCE;
				MTL_FAST_MATH = YES;
				ONLY_ACTIVE_ARCH = YES;
				SDKROOT = iphoneos;
				SWIFT_ACTIVE_COMPILATION_CONDITIONS = DEBUG;
				SWIFT_OPTIMIZATION_LEVEL = "-Onone";
			};
			name = Debug;
		};
		D1DF6C3D2AA90A6B0089FB8A /* Release */ = {
			isa = XCBuildConfiguration;
			buildSettings = {
				ALWAYS_SEARCH_USER_PATHS = NO;
				CLANG_ANALYZER_NONNULL = YES;
				CLANG_ANALYZER_NUMBER_OBJECT_CONVERSION = YES_AGGRESSIVE;
				CLANG_CXX_LANGUAGE_STANDARD = "gnu++20";
				CLANG_ENABLE_MODULES = YES;
				CLANG_ENABLE_OBJC_ARC = YES;
				CLANG_ENABLE_OBJC_WEAK = YES;
				CLANG_WARN_BLOCK_CAPTURE_AUTORELEASING = YES;
				CLANG_WARN_BOOL_CONVERSION = YES;
				CLANG_WARN_COMMA = YES;
				CLANG_WARN_CONSTANT_CONVERSION = YES;
				CLANG_WARN_DEPRECATED_OBJC_IMPLEMENTATIONS = YES;
				CLANG_WARN_DIRECT_OBJC_ISA_USAGE = YES_ERROR;
				CLANG_WARN_DOCUMENTATION_COMMENTS = YES;
				CLANG_WARN_EMPTY_BODY = YES;
				CLANG_WARN_ENUM_CONVERSION = YES;
				CLANG_WARN_INFINITE_RECURSION = YES;
				CLANG_WARN_INT_CONVERSION = YES;
				CLANG_WARN_NON_LITERAL_NULL_CONVERSION = YES;
				CLANG_WARN_OBJC_IMPLICIT_RETAIN_SELF = YES;
				CLANG_WARN_OBJC_LITERAL_CONVERSION = YES;
				CLANG_WARN_OBJC_ROOT_CLASS = YES_ERROR;
				CLANG_WARN_QUOTED_INCLUDE_IN_FRAMEWORK_HEADER = YES;
				CLANG_WARN_RANGE_LOOP_ANALYSIS = YES;
				CLANG_WARN_STRICT_PROTOTYPES = YES;
				CLANG_WARN_SUSPICIOUS_MOVE = YES;
				CLANG_WARN_UNGUARDED_AVAILABILITY = YES_AGGRESSIVE;
				CLANG_WARN_UNREACHABLE_CODE = YES;
				CLANG_WARN__DUPLICATE_METHOD_MATCH = YES;
				COPY_PHASE_STRIP = NO;
				DEBUG_INFORMATION_FORMAT = "dwarf-with-dsym";
				ENABLE_NS_ASSERTIONS = NO;
				ENABLE_STRICT_OBJC_MSGSEND = YES;
				GCC_C_LANGUAGE_STANDARD = gnu11;
				GCC_NO_COMMON_BLOCKS = YES;
				GCC_WARN_64_TO_32_BIT_CONVERSION = YES;
				GCC_WARN_ABOUT_RETURN_TYPE = YES_ERROR;
				GCC_WARN_UNDECLARED_SELECTOR = YES;
				GCC_WARN_UNINITIALIZED_AUTOS = YES_AGGRESSIVE;
				GCC_WARN_UNUSED_FUNCTION = YES;
				GCC_WARN_UNUSED_VARIABLE = YES;
				IPHONEOS_DEPLOYMENT_TARGET = 16.2;
				MTL_ENABLE_DEBUG_INFO = NO;
				MTL_FAST_MATH = YES;
				SDKROOT = iphoneos;
				SWIFT_COMPILATION_MODE = wholemodule;
				SWIFT_OPTIMIZATION_LEVEL = "-O";
				VALIDATE_PRODUCT = YES;
			};
			name = Release;
		};
		D1DF6C3F2AA90A6B0089FB8A /* Debug */ = {
			isa = XCBuildConfiguration;
			buildSettings = {
				ASSETCATALOG_COMPILER_APPICON_NAME = AppIcon;
				ASSETCATALOG_COMPILER_GLOBAL_ACCENT_COLOR_NAME = AccentColor;
				CODE_SIGN_STYLE = Automatic;
				CURRENT_PROJECT_VERSION = 1;
				DEVELOPMENT_ASSET_PATHS = "\"iOSChallenge/Preview Content\"";
				ENABLE_PREVIEWS = YES;
				GENERATE_INFOPLIST_FILE = YES;
				INFOPLIST_KEY_UIApplicationSceneManifest_Generation = YES;
				INFOPLIST_KEY_UIApplicationSupportsIndirectInputEvents = YES;
				INFOPLIST_KEY_UILaunchScreen_Generation = YES;
				INFOPLIST_KEY_UISupportedInterfaceOrientations_iPad = "UIInterfaceOrientationPortrait UIInterfaceOrientationPortraitUpsideDown UIInterfaceOrientationLandscapeLeft UIInterfaceOrientationLandscapeRight";
				INFOPLIST_KEY_UISupportedInterfaceOrientations_iPhone = "UIInterfaceOrientationPortrait UIInterfaceOrientationLandscapeLeft UIInterfaceOrientationLandscapeRight";
				LD_RUNPATH_SEARCH_PATHS = (
					"$(inherited)",
					"@executable_path/Frameworks",
				);
				MARKETING_VERSION = 1.0;
				PRODUCT_BUNDLE_IDENTIFIER = HackIllinois.iOSChallenge;
				PRODUCT_NAME = "$(TARGET_NAME)";
				SWIFT_EMIT_LOC_STRINGS = YES;
				SWIFT_VERSION = 5.0;
				TARGETED_DEVICE_FAMILY = "1,2";
			};
			name = Debug;
		};
		D1DF6C402AA90A6B0089FB8A /* Release */ = {
			isa = XCBuildConfiguration;
			buildSettings = {
				ASSETCATALOG_COMPILER_APPICON_NAME = AppIcon;
				ASSETCATALOG_COMPILER_GLOBAL_ACCENT_COLOR_NAME = AccentColor;
				CODE_SIGN_STYLE = Automatic;
				CURRENT_PROJECT_VERSION = 1;
				DEVELOPMENT_ASSET_PATHS = "\"iOSChallenge/Preview Content\"";
				ENABLE_PREVIEWS = YES;
				GENERATE_INFOPLIST_FILE = YES;
				INFOPLIST_KEY_UIApplicationSceneManifest_Generation = YES;
				INFOPLIST_KEY_UIApplicationSupportsIndirectInputEvents = YES;
				INFOPLIST_KEY_UILaunchScreen_Generation = YES;
				INFOPLIST_KEY_UISupportedInterfaceOrientations_iPad = "UIInterfaceOrientationPortrait UIInterfaceOrientationPortraitUpsideDown UIInterfaceOrientationLandscapeLeft UIInterfaceOrientationLandscapeRight";
				INFOPLIST_KEY_UISupportedInterfaceOrientations_iPhone = "UIInterfaceOrientationPortrait UIInterfaceOrientationLandscapeLeft UIInterfaceOrientationLandscapeRight";
				LD_RUNPATH_SEARCH_PATHS = (
					"$(inherited)",
					"@executable_path/Frameworks",
				);
				MARKETING_VERSION = 1.0;
				PRODUCT_BUNDLE_IDENTIFIER = HackIllinois.iOSChallenge;
				PRODUCT_NAME = "$(TARGET_NAME)";
				SWIFT_EMIT_LOC_STRINGS = YES;
				SWIFT_VERSION = 5.0;
				TARGETED_DEVICE_FAMILY = "1,2";
			};
			name = Release;
		};
		D1DF6C422AA90A6B0089FB8A /* Debug */ = {
			isa = XCBuildConfiguration;
			buildSettings = {
				ALWAYS_EMBED_SWIFT_STANDARD_LIBRARIES = YES;
				BUNDLE_LOADER = "$(TEST_HOST)";
				CODE_SIGN_STYLE = Automatic;
				CURRENT_PROJECT_VERSION = 1;
				GENERATE_INFOPLIST_FILE = YES;
				IPHONEOS_DEPLOYMENT_TARGET = 16.2;
				MARKETING_VERSION = 1.0;
				PRODUCT_BUNDLE_IDENTIFIER = HackIllinois.iOSChallengeTests;
				PRODUCT_NAME = "$(TARGET_NAME)";
				SWIFT_EMIT_LOC_STRINGS = NO;
				SWIFT_VERSION = 5.0;
				TARGETED_DEVICE_FAMILY = "1,2";
				TEST_HOST = "$(BUILT_PRODUCTS_DIR)/iOSChallenge.app/$(BUNDLE_EXECUTABLE_FOLDER_PATH)/iOSChallenge";
			};
			name = Debug;
		};
		D1DF6C432AA90A6B0089FB8A /* Release */ = {
			isa = XCBuildConfiguration;
			buildSettings = {
				ALWAYS_EMBED_SWIFT_STANDARD_LIBRARIES = YES;
				BUNDLE_LOADER = "$(TEST_HOST)";
				CODE_SIGN_STYLE = Automatic;
				CURRENT_PROJECT_VERSION = 1;
				GENERATE_INFOPLIST_FILE = YES;
				IPHONEOS_DEPLOYMENT_TARGET = 16.2;
				MARKETING_VERSION = 1.0;
				PRODUCT_BUNDLE_IDENTIFIER = HackIllinois.iOSChallengeTests;
				PRODUCT_NAME = "$(TARGET_NAME)";
				SWIFT_EMIT_LOC_STRINGS = NO;
				SWIFT_VERSION = 5.0;
				TARGETED_DEVICE_FAMILY = "1,2";
				TEST_HOST = "$(BUILT_PRODUCTS_DIR)/iOSChallenge.app/$(BUNDLE_EXECUTABLE_FOLDER_PATH)/iOSChallenge";
			};
			name = Release;
		};
		D1DF6C452AA90A6B0089FB8A /* Debug */ = {
			isa = XCBuildConfiguration;
			buildSettings = {
				ALWAYS_EMBED_SWIFT_STANDARD_LIBRARIES = YES;
				CODE_SIGN_STYLE = Automatic;
				CURRENT_PROJECT_VERSION = 1;
				GENERATE_INFOPLIST_FILE = YES;
				MARKETING_VERSION = 1.0;
				PRODUCT_BUNDLE_IDENTIFIER = HackIllinois.iOSChallengeUITests;
				PRODUCT_NAME = "$(TARGET_NAME)";
				SWIFT_EMIT_LOC_STRINGS = NO;
				SWIFT_VERSION = 5.0;
				TARGETED_DEVICE_FAMILY = "1,2";
				TEST_TARGET_NAME = iOSChallenge;
			};
			name = Debug;
		};
		D1DF6C462AA90A6B0089FB8A /* Release */ = {
			isa = XCBuildConfiguration;
			buildSettings = {
				ALWAYS_EMBED_SWIFT_STANDARD_LIBRARIES = YES;
				CODE_SIGN_STYLE = Automatic;
				CURRENT_PROJECT_VERSION = 1;
				GENERATE_INFOPLIST_FILE = YES;
				MARKETING_VERSION = 1.0;
				PRODUCT_BUNDLE_IDENTIFIER = HackIllinois.iOSChallengeUITests;
				PRODUCT_NAME = "$(TARGET_NAME)";
				SWIFT_EMIT_LOC_STRINGS = NO;
				SWIFT_VERSION = 5.0;
				TARGETED_DEVICE_FAMILY = "1,2";
				TEST_TARGET_NAME = iOSChallenge;
			};
			name = Release;
		};
/* End XCBuildConfiguration section */

/* Begin XCConfigurationList section */
		D1DF6C152AA90A660089FB8A /* Build configuration list for PBXProject "iOSChallenge" */ = {
			isa = XCConfigurationList;
			buildConfigurations = (
				D1DF6C3C2AA90A6B0089FB8A /* Debug */,
				D1DF6C3D2AA90A6B0089FB8A /* Release */,
			);
			defaultConfigurationIsVisible = 0;
			defaultConfigurationName = Release;
		};
		D1DF6C3E2AA90A6B0089FB8A /* Build configuration list for PBXNativeTarget "iOSChallenge" */ = {
			isa = XCConfigurationList;
			buildConfigurations = (
				D1DF6C3F2AA90A6B0089FB8A /* Debug */,
				D1DF6C402AA90A6B0089FB8A /* Release */,
			);
			defaultConfigurationIsVisible = 0;
			defaultConfigurationName = Release;
		};
		D1DF6C412AA90A6B0089FB8A /* Build configuration list for PBXNativeTarget "iOSChallengeTests" */ = {
			isa = XCConfigurationList;
			buildConfigurations = (
				D1DF6C422AA90A6B0089FB8A /* Debug */,
				D1DF6C432AA90A6B0089FB8A /* Release */,
			);
			defaultConfigurationIsVisible = 0;
			defaultConfigurationName = Release;
		};
		D1DF6C442AA90A6B0089FB8A /* Build configuration list for PBXNativeTarget "iOSChallengeUITests" */ = {
			isa = XCConfigurationList;
			buildConfigurations = (
				D1DF6C452AA90A6B0089FB8A /* Debug */,
				D1DF6C462AA90A6B0089FB8A /* Release */,
			);
			defaultConfigurationIsVisible = 0;
			defaultConfigurationName = Release;
		};
/* End XCConfigurationList section */
	};
	rootObject = D1DF6C122AA90A660089FB8A /* Project object */;
}
